// !$*UTF8*$!
{
	archiveVersion = 1;
	classes = {
	};
	objectVersion = 56;
	objects = {

/* Begin PBXBuildFile section */
		3D0118FD2BFA0AF700C1DB60 /* Kingfisher in Frameworks */ = {isa = PBXBuildFile; productRef = 3D0118FC2BFA0AF700C1DB60 /* Kingfisher */; };
		3D1524782BFFE25F0053D0DD /* InformationCustomView.xib in Resources */ = {isa = PBXBuildFile; fileRef = 3D1524772BFFE25F0053D0DD /* InformationCustomView.xib */; };
		3D15247A2BFFE26E0053D0DD /* InformationCustomView.swift in Sources */ = {isa = PBXBuildFile; fileRef = 3D1524792BFFE26E0053D0DD /* InformationCustomView.swift */; };
		3D15247D2BFFE2A80053D0DD /* SkillCustomView.swift in Sources */ = {isa = PBXBuildFile; fileRef = 3D15247C2BFFE2A80053D0DD /* SkillCustomView.swift */; };
		3D15247F2BFFE2B10053D0DD /* SkillCustomView.xib in Resources */ = {isa = PBXBuildFile; fileRef = 3D15247E2BFFE2B10053D0DD /* SkillCustomView.xib */; };
		3D238CA12BFB653300DEC874 /* DetailViewController.swift in Sources */ = {isa = PBXBuildFile; fileRef = 3D238CA02BFB653300DEC874 /* DetailViewController.swift */; };
		3D35FC592BF82A1D00B05434 /* AppDelegate.swift in Sources */ = {isa = PBXBuildFile; fileRef = 3D35FC582BF82A1D00B05434 /* AppDelegate.swift */; };
		3D35FC5B2BF82A1D00B05434 /* SceneDelegate.swift in Sources */ = {isa = PBXBuildFile; fileRef = 3D35FC5A2BF82A1D00B05434 /* SceneDelegate.swift */; };
		3D35FC5D2BF82A1D00B05434 /* HomeViewController.swift in Sources */ = {isa = PBXBuildFile; fileRef = 3D35FC5C2BF82A1D00B05434 /* HomeViewController.swift */; };
		3D35FC602BF82A1D00B05434 /* Base in Resources */ = {isa = PBXBuildFile; fileRef = 3D35FC5F2BF82A1D00B05434 /* Base */; };
		3D35FC632BF82A1D00B05434 /* Game_Box.xcdatamodeld in Sources */ = {isa = PBXBuildFile; fileRef = 3D35FC612BF82A1D00B05434 /* Game_Box.xcdatamodeld */; };
		3D35FC652BF82A1E00B05434 /* Assets.xcassets in Resources */ = {isa = PBXBuildFile; fileRef = 3D35FC642BF82A1E00B05434 /* Assets.xcassets */; };
		3D35FC682BF82A1E00B05434 /* Base in Resources */ = {isa = PBXBuildFile; fileRef = 3D35FC672BF82A1E00B05434 /* Base */; };
		3D3EDCE62BF9661600C864D6 /* GameCell.swift in Sources */ = {isa = PBXBuildFile; fileRef = 3D3EDCE42BF9661600C864D6 /* GameCell.swift */; };
		3D3EDCE72BF9661600C864D6 /* GameCell.xib in Resources */ = {isa = PBXBuildFile; fileRef = 3D3EDCE52BF9661600C864D6 /* GameCell.xib */; };
		3D881B472BFCD17A00AC40EF /* HomeViewModel.swift in Sources */ = {isa = PBXBuildFile; fileRef = 3D881B462BFCD17A00AC40EF /* HomeViewModel.swift */; };
		3D88D9DD2BFAAD4F0031CE14 /* GameDetail.swift in Sources */ = {isa = PBXBuildFile; fileRef = 3D88D9DC2BFAAD4F0031CE14 /* GameDetail.swift */; };
		3D8B7ADC2BF8ACC300C62C07 /* Constants.swift in Sources */ = {isa = PBXBuildFile; fileRef = 3D8B7ADB2BF8ACC300C62C07 /* Constants.swift */; };
		3D8B7ADF2BF8ACE500C62C07 /* Game.swift in Sources */ = {isa = PBXBuildFile; fileRef = 3D8B7ADE2BF8ACE500C62C07 /* Game.swift */; };
		3D8B7AE12BF8B02500C62C07 /* GameLogic.swift in Sources */ = {isa = PBXBuildFile; fileRef = 3D8B7AE02BF8B02500C62C07 /* GameLogic.swift */; };
		3D8B7AE32BF8B03200C62C07 /* Webservice.swift in Sources */ = {isa = PBXBuildFile; fileRef = 3D8B7AE22BF8B03200C62C07 /* Webservice.swift */; };
		3D8B7AE52BF8B04900C62C07 /* Router.swift in Sources */ = {isa = PBXBuildFile; fileRef = 3D8B7AE42BF8B04900C62C07 /* Router.swift */; };
		3D8B7AE82BF8B16B00C62C07 /* Alamofire in Frameworks */ = {isa = PBXBuildFile; productRef = 3D8B7AE72BF8B16B00C62C07 /* Alamofire */; };
		3D8B7AEA2BF8B16B00C62C07 /* AlamofireDynamic in Frameworks */ = {isa = PBXBuildFile; productRef = 3D8B7AE92BF8B16B00C62C07 /* AlamofireDynamic */; };
		3D8B7AF32BF8C66C00C62C07 /* SlideCell.xib in Resources */ = {isa = PBXBuildFile; fileRef = 3D8B7AF22BF8C66C00C62C07 /* SlideCell.xib */; };
		3D8B7AF42BF8C66C00C62C07 /* SlideCell.swift in Sources */ = {isa = PBXBuildFile; fileRef = 3D8B7AF12BF8C66C00C62C07 /* SlideCell.swift */; };
		3DA633922BFD64F100B520EB /* CustomTabBar.swift in Sources */ = {isa = PBXBuildFile; fileRef = 3DA633912BFD64F100B520EB /* CustomTabBar.swift */; };
		3DF04C442BFB961800649D02 /* UICollectionViewCell.swift in Sources */ = {isa = PBXBuildFile; fileRef = 3DF04C432BFB961800649D02 /* UICollectionViewCell.swift */; };
		3DF04C462BFB96C400649D02 /* UICollectionView.swift in Sources */ = {isa = PBXBuildFile; fileRef = 3DF04C452BFB96C400649D02 /* UICollectionView.swift */; };
/* End PBXBuildFile section */

/* Begin PBXFileReference section */
		3D1524772BFFE25F0053D0DD /* InformationCustomView.xib */ = {isa = PBXFileReference; lastKnownFileType = file.xib; path = InformationCustomView.xib; sourceTree = "<group>"; };
		3D1524792BFFE26E0053D0DD /* InformationCustomView.swift */ = {isa = PBXFileReference; lastKnownFileType = sourcecode.swift; path = InformationCustomView.swift; sourceTree = "<group>"; };
		3D15247C2BFFE2A80053D0DD /* SkillCustomView.swift */ = {isa = PBXFileReference; lastKnownFileType = sourcecode.swift; path = SkillCustomView.swift; sourceTree = "<group>"; };
		3D15247E2BFFE2B10053D0DD /* SkillCustomView.xib */ = {isa = PBXFileReference; lastKnownFileType = file.xib; path = SkillCustomView.xib; sourceTree = "<group>"; };
		3D238CA02BFB653300DEC874 /* DetailViewController.swift */ = {isa = PBXFileReference; lastKnownFileType = sourcecode.swift; path = DetailViewController.swift; sourceTree = "<group>"; };
		3D35FC552BF82A1D00B05434 /* Game Box.app */ = {isa = PBXFileReference; explicitFileType = wrapper.application; includeInIndex = 0; path = "Game Box.app"; sourceTree = BUILT_PRODUCTS_DIR; };
		3D35FC582BF82A1D00B05434 /* AppDelegate.swift */ = {isa = PBXFileReference; lastKnownFileType = sourcecode.swift; path = AppDelegate.swift; sourceTree = "<group>"; };
		3D35FC5A2BF82A1D00B05434 /* SceneDelegate.swift */ = {isa = PBXFileReference; lastKnownFileType = sourcecode.swift; path = SceneDelegate.swift; sourceTree = "<group>"; };
		3D35FC5C2BF82A1D00B05434 /* HomeViewController.swift */ = {isa = PBXFileReference; lastKnownFileType = sourcecode.swift; path = HomeViewController.swift; sourceTree = "<group>"; };
		3D35FC5F2BF82A1D00B05434 /* Base */ = {isa = PBXFileReference; lastKnownFileType = file.storyboard; name = Base; path = Base.lproj/Main.storyboard; sourceTree = "<group>"; };
		3D35FC622BF82A1D00B05434 /* Game_Box.xcdatamodel */ = {isa = PBXFileReference; lastKnownFileType = wrapper.xcdatamodel; path = Game_Box.xcdatamodel; sourceTree = "<group>"; };
		3D35FC642BF82A1E00B05434 /* Assets.xcassets */ = {isa = PBXFileReference; lastKnownFileType = folder.assetcatalog; path = Assets.xcassets; sourceTree = "<group>"; };
		3D35FC672BF82A1E00B05434 /* Base */ = {isa = PBXFileReference; lastKnownFileType = file.storyboard; name = Base; path = Base.lproj/LaunchScreen.storyboard; sourceTree = "<group>"; };
		3D35FC692BF82A1E00B05434 /* Info.plist */ = {isa = PBXFileReference; lastKnownFileType = text.plist.xml; path = Info.plist; sourceTree = "<group>"; };
		3D3EDCE42BF9661600C864D6 /* GameCell.swift */ = {isa = PBXFileReference; lastKnownFileType = sourcecode.swift; path = GameCell.swift; sourceTree = "<group>"; };
		3D3EDCE52BF9661600C864D6 /* GameCell.xib */ = {isa = PBXFileReference; lastKnownFileType = file.xib; path = GameCell.xib; sourceTree = "<group>"; };
		3D881B462BFCD17A00AC40EF /* HomeViewModel.swift */ = {isa = PBXFileReference; lastKnownFileType = sourcecode.swift; path = HomeViewModel.swift; sourceTree = "<group>"; };
		3D88D9DC2BFAAD4F0031CE14 /* GameDetail.swift */ = {isa = PBXFileReference; lastKnownFileType = sourcecode.swift; path = GameDetail.swift; sourceTree = "<group>"; };
		3D8B7ADB2BF8ACC300C62C07 /* Constants.swift */ = {isa = PBXFileReference; lastKnownFileType = sourcecode.swift; path = Constants.swift; sourceTree = "<group>"; };
		3D8B7ADE2BF8ACE500C62C07 /* Game.swift */ = {isa = PBXFileReference; lastKnownFileType = sourcecode.swift; path = Game.swift; sourceTree = "<group>"; };
		3D8B7AE02BF8B02500C62C07 /* GameLogic.swift */ = {isa = PBXFileReference; lastKnownFileType = sourcecode.swift; path = GameLogic.swift; sourceTree = "<group>"; };
		3D8B7AE22BF8B03200C62C07 /* Webservice.swift */ = {isa = PBXFileReference; lastKnownFileType = sourcecode.swift; path = Webservice.swift; sourceTree = "<group>"; };
		3D8B7AE42BF8B04900C62C07 /* Router.swift */ = {isa = PBXFileReference; lastKnownFileType = sourcecode.swift; path = Router.swift; sourceTree = "<group>"; };
		3D8B7AF12BF8C66C00C62C07 /* SlideCell.swift */ = {isa = PBXFileReference; lastKnownFileType = sourcecode.swift; path = SlideCell.swift; sourceTree = "<group>"; };
		3D8B7AF22BF8C66C00C62C07 /* SlideCell.xib */ = {isa = PBXFileReference; lastKnownFileType = file.xib; path = SlideCell.xib; sourceTree = "<group>"; };
		3DA633912BFD64F100B520EB /* CustomTabBar.swift */ = {isa = PBXFileReference; lastKnownFileType = sourcecode.swift; path = CustomTabBar.swift; sourceTree = "<group>"; };
		3DF04C432BFB961800649D02 /* UICollectionViewCell.swift */ = {isa = PBXFileReference; lastKnownFileType = sourcecode.swift; path = UICollectionViewCell.swift; sourceTree = "<group>"; };
		3DF04C452BFB96C400649D02 /* UICollectionView.swift */ = {isa = PBXFileReference; lastKnownFileType = sourcecode.swift; path = UICollectionView.swift; sourceTree = "<group>"; };
/* End PBXFileReference section */

/* Begin PBXFrameworksBuildPhase section */
		3D35FC522BF82A1D00B05434 /* Frameworks */ = {
			isa = PBXFrameworksBuildPhase;
			buildActionMask = 2147483647;
			files = (
				3D0118FD2BFA0AF700C1DB60 /* Kingfisher in Frameworks */,
				3D8B7AE82BF8B16B00C62C07 /* Alamofire in Frameworks */,
				3D8B7AEA2BF8B16B00C62C07 /* AlamofireDynamic in Frameworks */,
			);
			runOnlyForDeploymentPostprocessing = 0;
		};
/* End PBXFrameworksBuildPhase section */

/* Begin PBXGroup section */
		3D1524762BFFE22D0053D0DD /* InformationCustomView */ = {
			isa = PBXGroup;
			children = (
				3D1524792BFFE26E0053D0DD /* InformationCustomView.swift */,
				3D1524772BFFE25F0053D0DD /* InformationCustomView.xib */,
			);
			path = InformationCustomView;
			sourceTree = "<group>";
		};
		3D15247B2BFFE2740053D0DD /* SkillCustomView */ = {
			isa = PBXGroup;
			children = (
				3D15247C2BFFE2A80053D0DD /* SkillCustomView.swift */,
				3D15247E2BFFE2B10053D0DD /* SkillCustomView.xib */,
			);
			path = SkillCustomView;
			sourceTree = "<group>";
		};
		3D238C9F2BFB64FF00DEC874 /* Detail */ = {
			isa = PBXGroup;
			children = (
				3D238CA02BFB653300DEC874 /* DetailViewController.swift */,
			);
			path = Detail;
			sourceTree = "<group>";
		};
		3D35FC4C2BF82A1D00B05434 = {
			isa = PBXGroup;
			children = (
				3D35FC572BF82A1D00B05434 /* Game Box */,
				3D35FC562BF82A1D00B05434 /* Products */,
			);
			sourceTree = "<group>";
		};
		3D35FC562BF82A1D00B05434 /* Products */ = {
			isa = PBXGroup;
			children = (
				3D35FC552BF82A1D00B05434 /* Game Box.app */,
			);
			name = Products;
			sourceTree = "<group>";
		};
		3D35FC572BF82A1D00B05434 /* Game Box */ = {
			isa = PBXGroup;
			children = (
				3D8B7AD62BF8A0CC00C62C07 /* App */,
				3D8B7ADA2BF8ACB700C62C07 /* Constants */,
				3D8B7AD92BF8A83000C62C07 /* Network */,
				3D8B7ADD2BF8ACCC00C62C07 /* Model */,
				3D8B7AEB2BF8C10E00C62C07 /* Screens */,
				3D8B7AD82BF8A79D00C62C07 /* Resources */,
				3D35FC692BF82A1E00B05434 /* Info.plist */,
			);
			path = "Game Box";
			sourceTree = "<group>";
		};
		3D3EDCE32BF965D600C864D6 /* GameCell */ = {
			isa = PBXGroup;
			children = (
				3D3EDCE42BF9661600C864D6 /* GameCell.swift */,
				3D3EDCE52BF9661600C864D6 /* GameCell.xib */,
			);
			path = GameCell;
			sourceTree = "<group>";
		};
		3D8B7AD62BF8A0CC00C62C07 /* App */ = {
			isa = PBXGroup;
			children = (
				3D35FC582BF82A1D00B05434 /* AppDelegate.swift */,
				3D35FC5A2BF82A1D00B05434 /* SceneDelegate.swift */,
			);
			path = App;
			sourceTree = "<group>";
		};
		3D8B7AD82BF8A79D00C62C07 /* Resources */ = {
			isa = PBXGroup;
			children = (
				3D8B7AEF2BF8C23F00C62C07 /* Extensions */,
				3D8B7AEE2BF8C21B00C62C07 /* Cells */,
				3D8B7AED2BF8C16D00C62C07 /* CustomViews */,
				3D35FC642BF82A1E00B05434 /* Assets.xcassets */,
				3D35FC662BF82A1E00B05434 /* LaunchScreen.storyboard */,
				3D35FC5E2BF82A1D00B05434 /* Main.storyboard */,
				3D35FC612BF82A1D00B05434 /* Game_Box.xcdatamodeld */,
			);
			path = Resources;
			sourceTree = "<group>";
		};
		3D8B7AD92BF8A83000C62C07 /* Network */ = {
			isa = PBXGroup;
			children = (
				3D8B7AE02BF8B02500C62C07 /* GameLogic.swift */,
				3D8B7AE22BF8B03200C62C07 /* Webservice.swift */,
				3D8B7AE42BF8B04900C62C07 /* Router.swift */,
			);
			path = Network;
			sourceTree = "<group>";
		};
		3D8B7ADA2BF8ACB700C62C07 /* Constants */ = {
			isa = PBXGroup;
			children = (
				3D8B7ADB2BF8ACC300C62C07 /* Constants.swift */,
			);
			path = Constants;
			sourceTree = "<group>";
		};
		3D8B7ADD2BF8ACCC00C62C07 /* Model */ = {
			isa = PBXGroup;
			children = (
				3D8B7ADE2BF8ACE500C62C07 /* Game.swift */,
				3D88D9DC2BFAAD4F0031CE14 /* GameDetail.swift */,
			);
			path = Model;
			sourceTree = "<group>";
		};
		3D8B7AEB2BF8C10E00C62C07 /* Screens */ = {
			isa = PBXGroup;
			children = (
				3D8B7AEC2BF8C11D00C62C07 /* Home */,
				3D238C9F2BFB64FF00DEC874 /* Detail */,
			);
			path = Screens;
			sourceTree = "<group>";
		};
		3D8B7AEC2BF8C11D00C62C07 /* Home */ = {
			isa = PBXGroup;
			children = (
				3D35FC5C2BF82A1D00B05434 /* HomeViewController.swift */,
				3D881B462BFCD17A00AC40EF /* HomeViewModel.swift */,
			);
			path = Home;
			sourceTree = "<group>";
		};
		3D8B7AED2BF8C16D00C62C07 /* CustomViews */ = {
			isa = PBXGroup;
			children = (
				3D15247B2BFFE2740053D0DD /* SkillCustomView */,
				3D1524762BFFE22D0053D0DD /* InformationCustomView */,
				3DA633902BFD64C500B520EB /* TabBar */,
			);
			path = CustomViews;
			sourceTree = "<group>";
		};
		3D8B7AEE2BF8C21B00C62C07 /* Cells */ = {
			isa = PBXGroup;
			children = (
				3D8B7AF02BF8C60600C62C07 /* SlideCell */,
				3D3EDCE32BF965D600C864D6 /* GameCell */,
			);
			path = Cells;
			sourceTree = "<group>";
		};
		3D8B7AEF2BF8C23F00C62C07 /* Extensions */ = {
			isa = PBXGroup;
			children = (
				3DF04C432BFB961800649D02 /* UICollectionViewCell.swift */,
				3DF04C452BFB96C400649D02 /* UICollectionView.swift */,
			);
			path = Extensions;
			sourceTree = "<group>";
		};
		3D8B7AF02BF8C60600C62C07 /* SlideCell */ = {
			isa = PBXGroup;
			children = (
				3D8B7AF12BF8C66C00C62C07 /* SlideCell.swift */,
				3D8B7AF22BF8C66C00C62C07 /* SlideCell.xib */,
			);
			path = SlideCell;
			sourceTree = "<group>";
		};
		3DA633902BFD64C500B520EB /* TabBar */ = {
			isa = PBXGroup;
			children = (
				3DA633912BFD64F100B520EB /* CustomTabBar.swift */,
			);
			path = TabBar;
			sourceTree = "<group>";
		};
/* End PBXGroup section */

/* Begin PBXNativeTarget section */
		3D35FC542BF82A1D00B05434 /* Game Box */ = {
			isa = PBXNativeTarget;
			buildConfigurationList = 3D35FC6C2BF82A1E00B05434 /* Build configuration list for PBXNativeTarget "Game Box" */;
			buildPhases = (
				3D35FC512BF82A1D00B05434 /* Sources */,
				3D35FC522BF82A1D00B05434 /* Frameworks */,
				3D35FC532BF82A1D00B05434 /* Resources */,
			);
			buildRules = (
			);
			dependencies = (
			);
			name = "Game Box";
			packageProductDependencies = (
				3D8B7AE72BF8B16B00C62C07 /* Alamofire */,
				3D8B7AE92BF8B16B00C62C07 /* AlamofireDynamic */,
				3D0118FC2BFA0AF700C1DB60 /* Kingfisher */,
			);
			productName = "Game Box";
			productReference = 3D35FC552BF82A1D00B05434 /* Game Box.app */;
			productType = "com.apple.product-type.application";
		};
/* End PBXNativeTarget section */

/* Begin PBXProject section */
		3D35FC4D2BF82A1D00B05434 /* Project object */ = {
			isa = PBXProject;
			attributes = {
				BuildIndependentTargetsInParallel = 1;
				LastSwiftUpdateCheck = 1530;
				LastUpgradeCheck = 1530;
				TargetAttributes = {
					3D35FC542BF82A1D00B05434 = {
						CreatedOnToolsVersion = 15.3;
					};
				};
			};
			buildConfigurationList = 3D35FC502BF82A1D00B05434 /* Build configuration list for PBXProject "Game Box" */;
			compatibilityVersion = "Xcode 14.0";
			developmentRegion = en;
			hasScannedForEncodings = 0;
			knownRegions = (
				en,
				Base,
			);
			mainGroup = 3D35FC4C2BF82A1D00B05434;
			packageReferences = (
				3D8B7AE62BF8B16A00C62C07 /* XCRemoteSwiftPackageReference "Alamofire" */,
				3D0118FB2BFA0AF700C1DB60 /* XCRemoteSwiftPackageReference "Kingfisher" */,
			);
			productRefGroup = 3D35FC562BF82A1D00B05434 /* Products */;
			projectDirPath = "";
			projectRoot = "";
			targets = (
				3D35FC542BF82A1D00B05434 /* Game Box */,
			);
		};
/* End PBXProject section */

/* Begin PBXResourcesBuildPhase section */
		3D35FC532BF82A1D00B05434 /* Resources */ = {
			isa = PBXResourcesBuildPhase;
			buildActionMask = 2147483647;
			files = (
				3D35FC652BF82A1E00B05434 /* Assets.xcassets in Resources */,
				3D3EDCE72BF9661600C864D6 /* GameCell.xib in Resources */,
				3D35FC682BF82A1E00B05434 /* Base in Resources */,
				3D35FC602BF82A1D00B05434 /* Base in Resources */,
				3D15247F2BFFE2B10053D0DD /* SkillCustomView.xib in Resources */,
				3D1524782BFFE25F0053D0DD /* InformationCustomView.xib in Resources */,
				3D8B7AF32BF8C66C00C62C07 /* SlideCell.xib in Resources */,
			);
			runOnlyForDeploymentPostprocessing = 0;
		};
/* End PBXResourcesBuildPhase section */

/* Begin PBXSourcesBuildPhase section */
		3D35FC512BF82A1D00B05434 /* Sources */ = {
			isa = PBXSourcesBuildPhase;
			buildActionMask = 2147483647;
			files = (
				3DF04C462BFB96C400649D02 /* UICollectionView.swift in Sources */,
				3D238CA12BFB653300DEC874 /* DetailViewController.swift in Sources */,
				3D8B7ADC2BF8ACC300C62C07 /* Constants.swift in Sources */,
				3D881B472BFCD17A00AC40EF /* HomeViewModel.swift in Sources */,
				3D8B7ADF2BF8ACE500C62C07 /* Game.swift in Sources */,
				3D8B7AE32BF8B03200C62C07 /* Webservice.swift in Sources */,
				3D15247A2BFFE26E0053D0DD /* InformationCustomView.swift in Sources */,
				3D3EDCE62BF9661600C864D6 /* GameCell.swift in Sources */,
				3D88D9DD2BFAAD4F0031CE14 /* GameDetail.swift in Sources */,
				3DA633922BFD64F100B520EB /* CustomTabBar.swift in Sources */,
				3D35FC5D2BF82A1D00B05434 /* HomeViewController.swift in Sources */,
				3D8B7AE52BF8B04900C62C07 /* Router.swift in Sources */,
				3DF04C442BFB961800649D02 /* UICollectionViewCell.swift in Sources */,
				3D35FC592BF82A1D00B05434 /* AppDelegate.swift in Sources */,
				3D35FC5B2BF82A1D00B05434 /* SceneDelegate.swift in Sources */,
				3D8B7AF42BF8C66C00C62C07 /* SlideCell.swift in Sources */,
				3D35FC632BF82A1D00B05434 /* Game_Box.xcdatamodeld in Sources */,
				3D15247D2BFFE2A80053D0DD /* SkillCustomView.swift in Sources */,
				3D8B7AE12BF8B02500C62C07 /* GameLogic.swift in Sources */,
			);
			runOnlyForDeploymentPostprocessing = 0;
		};
/* End PBXSourcesBuildPhase section */

/* Begin PBXVariantGroup section */
		3D35FC5E2BF82A1D00B05434 /* Main.storyboard */ = {
			isa = PBXVariantGroup;
			children = (
				3D35FC5F2BF82A1D00B05434 /* Base */,
			);
			name = Main.storyboard;
			sourceTree = "<group>";
		};
		3D35FC662BF82A1E00B05434 /* LaunchScreen.storyboard */ = {
			isa = PBXVariantGroup;
			children = (
				3D35FC672BF82A1E00B05434 /* Base */,
			);
			name = LaunchScreen.storyboard;
			sourceTree = "<group>";
		};
/* End PBXVariantGroup section */

/* Begin XCBuildConfiguration section */
		3D35FC6A2BF82A1E00B05434 /* Debug */ = {
			isa = XCBuildConfiguration;
			buildSettings = {
				ALWAYS_SEARCH_USER_PATHS = NO;
				ASSETCATALOG_COMPILER_GENERATE_SWIFT_ASSET_SYMBOL_EXTENSIONS = YES;
				CLANG_ANALYZER_NONNULL = YES;
				CLANG_ANALYZER_NUMBER_OBJECT_CONVERSION = YES_AGGRESSIVE;
				CLANG_CXX_LANGUAGE_STANDARD = "gnu++20";
				CLANG_ENABLE_MODULES = YES;
				CLANG_ENABLE_OBJC_ARC = YES;
				CLANG_ENABLE_OBJC_WEAK = YES;
				CLANG_WARN_BLOCK_CAPTURE_AUTORELEASING = YES;
				CLANG_WARN_BOOL_CONVERSION = YES;
				CLANG_WARN_COMMA = YES;
				CLANG_WARN_CONSTANT_CONVERSION = YES;
				CLANG_WARN_DEPRECATED_OBJC_IMPLEMENTATIONS = YES;
				CLANG_WARN_DIRECT_OBJC_ISA_USAGE = YES_ERROR;
				CLANG_WARN_DOCUMENTATION_COMMENTS = YES;
				CLANG_WARN_EMPTY_BODY = YES;
				CLANG_WARN_ENUM_CONVERSION = YES;
				CLANG_WARN_INFINITE_RECURSION = YES;
				CLANG_WARN_INT_CONVERSION = YES;
				CLANG_WARN_NON_LITERAL_NULL_CONVERSION = YES;
				CLANG_WARN_OBJC_IMPLICIT_RETAIN_SELF = YES;
				CLANG_WARN_OBJC_LITERAL_CONVERSION = YES;
				CLANG_WARN_OBJC_ROOT_CLASS = YES_ERROR;
				CLANG_WARN_QUOTED_INCLUDE_IN_FRAMEWORK_HEADER = YES;
				CLANG_WARN_RANGE_LOOP_ANALYSIS = YES;
				CLANG_WARN_STRICT_PROTOTYPES = YES;
				CLANG_WARN_SUSPICIOUS_MOVE = YES;
				CLANG_WARN_UNGUARDED_AVAILABILITY = YES_AGGRESSIVE;
				CLANG_WARN_UNREACHABLE_CODE = YES;
				CLANG_WARN__DUPLICATE_METHOD_MATCH = YES;
				COPY_PHASE_STRIP = NO;
				DEBUG_INFORMATION_FORMAT = dwarf;
				ENABLE_STRICT_OBJC_MSGSEND = YES;
				ENABLE_TESTABILITY = YES;
				ENABLE_USER_SCRIPT_SANDBOXING = YES;
				GCC_C_LANGUAGE_STANDARD = gnu17;
				GCC_DYNAMIC_NO_PIC = NO;
				GCC_NO_COMMON_BLOCKS = YES;
				GCC_OPTIMIZATION_LEVEL = 0;
				GCC_PREPROCESSOR_DEFINITIONS = (
					"DEBUG=1",
					"$(inherited)",
				);
				GCC_WARN_64_TO_32_BIT_CONVERSION = YES;
				GCC_WARN_ABOUT_RETURN_TYPE = YES_ERROR;
				GCC_WARN_UNDECLARED_SELECTOR = YES;
				GCC_WARN_UNINITIALIZED_AUTOS = YES_AGGRESSIVE;
				GCC_WARN_UNUSED_FUNCTION = YES;
				GCC_WARN_UNUSED_VARIABLE = YES;
				IPHONEOS_DEPLOYMENT_TARGET = 17.4;
				LOCALIZATION_PREFERS_STRING_CATALOGS = YES;
				MTL_ENABLE_DEBUG_INFO = INCLUDE_SOURCE;
				MTL_FAST_MATH = YES;
				ONLY_ACTIVE_ARCH = YES;
				SDKROOT = iphoneos;
				SWIFT_ACTIVE_COMPILATION_CONDITIONS = "DEBUG $(inherited)";
				SWIFT_OPTIMIZATION_LEVEL = "-Onone";
			};
			name = Debug;
		};
		3D35FC6B2BF82A1E00B05434 /* Release */ = {
			isa = XCBuildConfiguration;
			buildSettings = {
				ALWAYS_SEARCH_USER_PATHS = NO;
				ASSETCATALOG_COMPILER_GENERATE_SWIFT_ASSET_SYMBOL_EXTENSIONS = YES;
				CLANG_ANALYZER_NONNULL = YES;
				CLANG_ANALYZER_NUMBER_OBJECT_CONVERSION = YES_AGGRESSIVE;
				CLANG_CXX_LANGUAGE_STANDARD = "gnu++20";
				CLANG_ENABLE_MODULES = YES;
				CLANG_ENABLE_OBJC_ARC = YES;
				CLANG_ENABLE_OBJC_WEAK = YES;
				CLANG_WARN_BLOCK_CAPTURE_AUTORELEASING = YES;
				CLANG_WARN_BOOL_CONVERSION = YES;
				CLANG_WARN_COMMA = YES;
				CLANG_WARN_CONSTANT_CONVERSION = YES;
				CLANG_WARN_DEPRECATED_OBJC_IMPLEMENTATIONS = YES;
				CLANG_WARN_DIRECT_OBJC_ISA_USAGE = YES_ERROR;
				CLANG_WARN_DOCUMENTATION_COMMENTS = YES;
				CLANG_WARN_EMPTY_BODY = YES;
				CLANG_WARN_ENUM_CONVERSION = YES;
				CLANG_WARN_INFINITE_RECURSION = YES;
				CLANG_WARN_INT_CONVERSION = YES;
				CLANG_WARN_NON_LITERAL_NULL_CONVERSION = YES;
				CLANG_WARN_OBJC_IMPLICIT_RETAIN_SELF = YES;
				CLANG_WARN_OBJC_LITERAL_CONVERSION = YES;
				CLANG_WARN_OBJC_ROOT_CLASS = YES_ERROR;
				CLANG_WARN_QUOTED_INCLUDE_IN_FRAMEWORK_HEADER = YES;
				CLANG_WARN_RANGE_LOOP_ANALYSIS = YES;
				CLANG_WARN_STRICT_PROTOTYPES = YES;
				CLANG_WARN_SUSPICIOUS_MOVE = YES;
				CLANG_WARN_UNGUARDED_AVAILABILITY = YES_AGGRESSIVE;
				CLANG_WARN_UNREACHABLE_CODE = YES;
				CLANG_WARN__DUPLICATE_METHOD_MATCH = YES;
				COPY_PHASE_STRIP = NO;
				DEBUG_INFORMATION_FORMAT = "dwarf-with-dsym";
				ENABLE_NS_ASSERTIONS = NO;
				ENABLE_STRICT_OBJC_MSGSEND = YES;
				ENABLE_USER_SCRIPT_SANDBOXING = YES;
				GCC_C_LANGUAGE_STANDARD = gnu17;
				GCC_NO_COMMON_BLOCKS = YES;
				GCC_WARN_64_TO_32_BIT_CONVERSION = YES;
				GCC_WARN_ABOUT_RETURN_TYPE = YES_ERROR;
				GCC_WARN_UNDECLARED_SELECTOR = YES;
				GCC_WARN_UNINITIALIZED_AUTOS = YES_AGGRESSIVE;
				GCC_WARN_UNUSED_FUNCTION = YES;
				GCC_WARN_UNUSED_VARIABLE = YES;
				IPHONEOS_DEPLOYMENT_TARGET = 17.4;
				LOCALIZATION_PREFERS_STRING_CATALOGS = YES;
				MTL_ENABLE_DEBUG_INFO = NO;
				MTL_FAST_MATH = YES;
				SDKROOT = iphoneos;
				SWIFT_COMPILATION_MODE = wholemodule;
				VALIDATE_PRODUCT = YES;
			};
			name = Release;
		};
		3D35FC6D2BF82A1E00B05434 /* Debug */ = {
			isa = XCBuildConfiguration;
			buildSettings = {
				ASSETCATALOG_COMPILER_APPICON_NAME = AppIcon;
				ASSETCATALOG_COMPILER_GLOBAL_ACCENT_COLOR_NAME = AccentColor;
				CODE_SIGN_STYLE = Automatic;
				CURRENT_PROJECT_VERSION = 1;
				GENERATE_INFOPLIST_FILE = YES;
				INFOPLIST_FILE = "Game Box/Info.plist";
				INFOPLIST_KEY_UIApplicationSupportsIndirectInputEvents = YES;
				INFOPLIST_KEY_UILaunchStoryboardName = LaunchScreen;
				INFOPLIST_KEY_UIMainStoryboardFile = Main;
				INFOPLIST_KEY_UISupportedInterfaceOrientations_iPad = "UIInterfaceOrientationPortrait UIInterfaceOrientationPortraitUpsideDown UIInterfaceOrientationLandscapeLeft UIInterfaceOrientationLandscapeRight";
				INFOPLIST_KEY_UISupportedInterfaceOrientations_iPhone = "UIInterfaceOrientationPortrait UIInterfaceOrientationLandscapeLeft UIInterfaceOrientationLandscapeRight";
				LD_RUNPATH_SEARCH_PATHS = (
					"$(inherited)",
					"@executable_path/Frameworks",
				);
				MARKETING_VERSION = 1.0;
				PRODUCT_BUNDLE_IDENTIFIER = "com.alihizardere.Game-Box";
				PRODUCT_NAME = "$(TARGET_NAME)";
				SWIFT_EMIT_LOC_STRINGS = YES;
				SWIFT_VERSION = 5.0;
				TARGETED_DEVICE_FAMILY = "1,2";
			};
			name = Debug;
		};
		3D35FC6E2BF82A1E00B05434 /* Release */ = {
			isa = XCBuildConfiguration;
			buildSettings = {
				ASSETCATALOG_COMPILER_APPICON_NAME = AppIcon;
				ASSETCATALOG_COMPILER_GLOBAL_ACCENT_COLOR_NAME = AccentColor;
				CODE_SIGN_STYLE = Automatic;
				CURRENT_PROJECT_VERSION = 1;
				GENERATE_INFOPLIST_FILE = YES;
				INFOPLIST_FILE = "Game Box/Info.plist";
				INFOPLIST_KEY_UIApplicationSupportsIndirectInputEvents = YES;
				INFOPLIST_KEY_UILaunchStoryboardName = LaunchScreen;
				INFOPLIST_KEY_UIMainStoryboardFile = Main;
				INFOPLIST_KEY_UISupportedInterfaceOrientations_iPad = "UIInterfaceOrientationPortrait UIInterfaceOrientationPortraitUpsideDown UIInterfaceOrientationLandscapeLeft UIInterfaceOrientationLandscapeRight";
				INFOPLIST_KEY_UISupportedInterfaceOrientations_iPhone = "UIInterfaceOrientationPortrait UIInterfaceOrientationLandscapeLeft UIInterfaceOrientationLandscapeRight";
				LD_RUNPATH_SEARCH_PATHS = (
					"$(inherited)",
					"@executable_path/Frameworks",
				);
				MARKETING_VERSION = 1.0;
				PRODUCT_BUNDLE_IDENTIFIER = "com.alihizardere.Game-Box";
				PRODUCT_NAME = "$(TARGET_NAME)";
				SWIFT_EMIT_LOC_STRINGS = YES;
				SWIFT_VERSION = 5.0;
				TARGETED_DEVICE_FAMILY = "1,2";
			};
			name = Release;
		};
/* End XCBuildConfiguration section */

/* Begin XCConfigurationList section */
		3D35FC502BF82A1D00B05434 /* Build configuration list for PBXProject "Game Box" */ = {
			isa = XCConfigurationList;
			buildConfigurations = (
				3D35FC6A2BF82A1E00B05434 /* Debug */,
				3D35FC6B2BF82A1E00B05434 /* Release */,
			);
			defaultConfigurationIsVisible = 0;
			defaultConfigurationName = Release;
		};
		3D35FC6C2BF82A1E00B05434 /* Build configuration list for PBXNativeTarget "Game Box" */ = {
			isa = XCConfigurationList;
			buildConfigurations = (
				3D35FC6D2BF82A1E00B05434 /* Debug */,
				3D35FC6E2BF82A1E00B05434 /* Release */,
			);
			defaultConfigurationIsVisible = 0;
			defaultConfigurationName = Release;
		};
/* End XCConfigurationList section */

/* Begin XCRemoteSwiftPackageReference section */
		3D0118FB2BFA0AF700C1DB60 /* XCRemoteSwiftPackageReference "Kingfisher" */ = {
			isa = XCRemoteSwiftPackageReference;
			repositoryURL = "https://github.com/onevcat/Kingfisher.git";
			requirement = {
				kind = upToNextMajorVersion;
				minimumVersion = 7.11.0;
			};
		};
		3D8B7AE62BF8B16A00C62C07 /* XCRemoteSwiftPackageReference "Alamofire" */ = {
			isa = XCRemoteSwiftPackageReference;
			repositoryURL = "https://github.com/Alamofire/Alamofire.git";
			requirement = {
				kind = upToNextMajorVersion;
				minimumVersion = 5.9.1;
			};
		};
/* End XCRemoteSwiftPackageReference section */

/* Begin XCSwiftPackageProductDependency section */
		3D0118FC2BFA0AF700C1DB60 /* Kingfisher */ = {
			isa = XCSwiftPackageProductDependency;
			package = 3D0118FB2BFA0AF700C1DB60 /* XCRemoteSwiftPackageReference "Kingfisher" */;
			productName = Kingfisher;
		};
		3D8B7AE72BF8B16B00C62C07 /* Alamofire */ = {
			isa = XCSwiftPackageProductDependency;
			package = 3D8B7AE62BF8B16A00C62C07 /* XCRemoteSwiftPackageReference "Alamofire" */;
			productName = Alamofire;
		};
		3D8B7AE92BF8B16B00C62C07 /* AlamofireDynamic */ = {
			isa = XCSwiftPackageProductDependency;
			package = 3D8B7AE62BF8B16A00C62C07 /* XCRemoteSwiftPackageReference "Alamofire" */;
			productName = AlamofireDynamic;
		};
/* End XCSwiftPackageProductDependency section */

/* Begin XCVersionGroup section */
		3D35FC612BF82A1D00B05434 /* Game_Box.xcdatamodeld */ = {
			isa = XCVersionGroup;
			children = (
				3D35FC622BF82A1D00B05434 /* Game_Box.xcdatamodel */,
			);
			currentVersion = 3D35FC622BF82A1D00B05434 /* Game_Box.xcdatamodel */;
			path = Game_Box.xcdatamodeld;
			sourceTree = "<group>";
			versionGroupType = wrapper.xcdatamodel;
		};
/* End XCVersionGroup section */
	};
	rootObject = 3D35FC4D2BF82A1D00B05434 /* Project object */;
}
